
Microsoft Visual Studio Solution File, Format Version 12.00
# Visual Studio Version 17
VisualStudioVersion = 17.13.35605.110
MinimumVisualStudioVersion = 10.0.40219.1
Project("{FAE04EC0-301F-11D3-BF4B-00C04F79EFBC}") = "Microsoft.AspNetCore.Components.WebView.Gtk", "src\BlazorWebView\src\Microsoft.AspNetCore.Components.WebView.Gtk.csproj", "{82044EB0-BD71-1352-1300-B5E05E245902}"
EndProject
Project("{2150E333-8FDC-42A3-9474-1A3956D46DE8}") = "sample", "sample", "{02EA681E-C7D8-13C7-8484-4AC65E1B71E8}"
EndProject
Project("{FAE04EC0-301F-11D3-BF4B-00C04F79EFBC}") = "BlazorGtkApp", "src\BlazorWebView\sample\BlazorGtkApp\BlazorGtkApp.csproj", "{0C28ED15-6DA5-4F11-1832-210F1C3654E1}"
EndProject
Global
	GlobalSection(SolutionConfigurationPlatforms) = preSolution
		Debug|Any CPU = Debug|Any CPU
		Release|Any CPU = Release|Any CPU
	EndGlobalSection
	GlobalSection(ProjectConfigurationPlatforms) = postSolution
		{82044EB0-BD71-1352-1300-B5E05E245902}.Debug|Any CPU.ActiveCfg = Debug|Any CPU
		{82044EB0-BD71-1352-1300-B5E05E245902}.Debug|Any CPU.Build.0 = Debug|Any CPU
		{82044EB0-BD71-1352-1300-B5E05E245902}.Release|Any CPU.ActiveCfg = Release|Any CPU
		{82044EB0-BD71-1352-1300-B5E05E245902}.Release|Any CPU.Build.0 = Release|Any CPU
		{0C28ED15-6DA5-4F11-1832-210F1C3654E1}.Debug|Any CPU.ActiveCfg = Debug|Any CPU
		{0C28ED15-6DA5-4F11-1832-210F1C3654E1}.Debug|Any CPU.Build.0 = Debug|Any CPU
		{0C28ED15-6DA5-4F11-1832-210F1C3654E1}.Release|Any CPU.ActiveCfg = Release|Any CPU
		{0C28ED15-6DA5-4F11-1832-210F1C3654E1}.Release|Any CPU.Build.0 = Release|Any CPU
	EndGlobalSection
	GlobalSection(SolutionProperties) = preSolution
		HideSolutionNode = FALSE
	EndGlobalSection
	GlobalSection(NestedProjects) = preSolution
		{0C28ED15-6DA5-4F11-1832-210F1C3654E1} = {02EA681E-C7D8-13C7-8484-4AC65E1B71E8}
	EndGlobalSection
	GlobalSection(ExtensibilityGlobals) = postSolution
		SolutionGuid = {D9DB6766-E9EE-45C4-A359-A155FB509948}
	EndGlobalSection
EndGlobal
